
Microsoft Visual Studio Solution File, Format Version 12.00
# Visual Studio Version 17
VisualStudioVersion = 17.0.31903.59
MinimumVisualStudioVersion = 10.0.40219.1
Project("{9A19103F-16F7-4668-BE54-9A1E7A4F7556}") = "OMB.Aplication", "OMB.Aplication\OMB.Aplication.csproj", "{4434B024-E251-465A-819B-D510F012C444}"
EndProject
Project("{9A19103F-16F7-4668-BE54-9A1E7A4F7556}") = "OMB.Repositories", "OMB.Repositories\OMB.Repositories.csproj", "{C4B579C8-AAE8-48C1-8C97-9C556B147FCD}"
EndProject
Project("{9A19103F-16F7-4668-BE54-9A1E7A4F7556}") = "OMB.UI", "OMB.UI\OMB.UI.csproj", "{6D6D8A6E-F18E-4F3B-841A-79A6F689D1B6}"
EndProject
Global
	GlobalSection(SolutionConfigurationPlatforms) = preSolution
		Debug|Any CPU = Debug|Any CPU
		Release|Any CPU = Release|Any CPU
	EndGlobalSection
	GlobalSection(ProjectConfigurationPlatforms) = postSolution
		{4434B024-E251-465A-819B-D510F012C444}.Debug|Any CPU.ActiveCfg = Debug|Any CPU
		{4434B024-E251-465A-819B-D510F012C444}.Debug|Any CPU.Build.0 = Debug|Any CPU
		{4434B024-E251-465A-819B-D510F012C444}.Release|Any CPU.ActiveCfg = Release|Any CPU
		{4434B024-E251-465A-819B-D510F012C444}.Release|Any CPU.Build.0 = Release|Any CPU
		{C4B579C8-AAE8-48C1-8C97-9C556B147FCD}.Debug|Any CPU.ActiveCfg = Debug|Any CPU
		{C4B579C8-AAE8-48C1-8C97-9C556B147FCD}.Debug|Any CPU.Build.0 = Debug|Any CPU
		{C4B579C8-AAE8-48C1-8C97-9C556B147FCD}.Release|Any CPU.ActiveCfg = Release|Any CPU
		{C4B579C8-AAE8-48C1-8C97-9C556B147FCD}.Release|Any CPU.Build.0 = Release|Any CPU
		{6D6D8A6E-F18E-4F3B-841A-79A6F689D1B6}.Debug|Any CPU.ActiveCfg = Debug|Any CPU
		{6D6D8A6E-F18E-4F3B-841A-79A6F689D1B6}.Debug|Any CPU.Build.0 = Debug|Any CPU
		{6D6D8A6E-F18E-4F3B-841A-79A6F689D1B6}.Release|Any CPU.ActiveCfg = Release|Any CPU
		{6D6D8A6E-F18E-4F3B-841A-79A6F689D1B6}.Release|Any CPU.Build.0 = Release|Any CPU
	EndGlobalSection
	GlobalSection(SolutionProperties) = preSolution
		HideSolutionNode = FALSE
	EndGlobalSection
EndGlobal
