
Microsoft Visual Studio Solution File, Format Version 12.00
# Visual Studio Version 17
VisualStudioVersion = 17.0.31903.59
MinimumVisualStudioVersion = 10.0.40219.1
Project("{FAE04EC0-301F-11D3-BF4B-00C04F79EFBC}") = "OhMyBoat.Aplicacion", "OhMyBoat.Aplicacion\OhMyBoat.Aplicacion.csproj", "{8A2D1B5B-777A-4B4C-BE97-011CB2C485FF}"
EndProject
Project("{FAE04EC0-301F-11D3-BF4B-00C04F79EFBC}") = "OhMyBoat.Repositorios", "OhMyBoat.Repositorios\OhMyBoat.Repositorios.csproj", "{60C94CA9-2EA9-4F4E-B920-3EF6985A4189}"
EndProject
Global
	GlobalSection(SolutionConfigurationPlatforms) = preSolution
		Debug|Any CPU = Debug|Any CPU
		Release|Any CPU = Release|Any CPU
	EndGlobalSection
	GlobalSection(SolutionProperties) = preSolution
		HideSolutionNode = FALSE
	EndGlobalSection
	GlobalSection(ProjectConfigurationPlatforms) = postSolution
		{8A2D1B5B-777A-4B4C-BE97-011CB2C485FF}.Debug|Any CPU.ActiveCfg = Debug|Any CPU
		{8A2D1B5B-777A-4B4C-BE97-011CB2C485FF}.Debug|Any CPU.Build.0 = Debug|Any CPU
		{8A2D1B5B-777A-4B4C-BE97-011CB2C485FF}.Release|Any CPU.ActiveCfg = Release|Any CPU
		{8A2D1B5B-777A-4B4C-BE97-011CB2C485FF}.Release|Any CPU.Build.0 = Release|Any CPU
		{60C94CA9-2EA9-4F4E-B920-3EF6985A4189}.Debug|Any CPU.ActiveCfg = Debug|Any CPU
		{60C94CA9-2EA9-4F4E-B920-3EF6985A4189}.Debug|Any CPU.Build.0 = Debug|Any CPU
		{60C94CA9-2EA9-4F4E-B920-3EF6985A4189}.Release|Any CPU.ActiveCfg = Release|Any CPU
		{60C94CA9-2EA9-4F4E-B920-3EF6985A4189}.Release|Any CPU.Build.0 = Release|Any CPU
	EndGlobalSection
EndGlobal
